
Microsoft Visual Studio Solution File, Format Version 12.00
# Visual Studio Version 16
VisualStudioVersion = 16.0.29613.14
MinimumVisualStudioVersion = 10.0.40219.1
Project("{FAE04EC0-301F-11D3-BF4B-00C04F79EFBC}") = "ChatApp_SignalR", "ChatApp_SignalR\ChatApp_SignalR.csproj", "{26C6A5F4-E55F-4BD8-842F-C2DF84E92120}"
EndProject
Global
	GlobalSection(SolutionConfigurationPlatforms) = preSolution
		Debug|Any CPU = Debug|Any CPU
		Release|Any CPU = Release|Any CPU
	EndGlobalSection
	GlobalSection(ProjectConfigurationPlatforms) = postSolution
		{26C6A5F4-E55F-4BD8-842F-C2DF84E92120}.Debug|Any CPU.ActiveCfg = Debug|Any CPU
		{26C6A5F4-E55F-4BD8-842F-C2DF84E92120}.Debug|Any CPU.Build.0 = Debug|Any CPU
		{26C6A5F4-E55F-4BD8-842F-C2DF84E92120}.Release|Any CPU.ActiveCfg = Release|Any CPU
		{26C6A5F4-E55F-4BD8-842F-C2DF84E92120}.Release|Any CPU.Build.0 = Release|Any CPU
	EndGlobalSection
	GlobalSection(SolutionProperties) = preSolution
		HideSolutionNode = FALSE
	EndGlobalSection
	GlobalSection(ExtensibilityGlobals) = postSolution
		SolutionGuid = {0FC9EA28-6727-4A22-9C2B-2422B8A382A4}
	EndGlobalSection
EndGlobal
